lockfileVersion: '9.0'

settings:
  autoInstallPeers: true
  excludeLinksFromLockfile: false

importers:

  .:
    devDependencies:
      '@ffprobe-installer/darwin-arm64':
        specifier: 5.0.1
        version: 5.0.1

packages:

  '@ffprobe-installer/darwin-arm64@5.0.1':
    resolution: {integrity: sha512-vwNCNjokH8hfkbl6m95zICHwkSzhEvDC3GVBcUp5HX8+4wsX10SP3B+bGur7XUzTIZ4cQpgJmEIAx6TUwRepMg==}
    cpu: [arm64]
    os: [darwin]

snapshots:

  '@ffprobe-installer/darwin-arm64@5.0.1': {}
